
Microsoft Visual Studio Solution File, Format Version 12.00
# Visual Studio Version 17
VisualStudioVersion = 17.0.31903.59
MinimumVisualStudioVersion = 10.0.40219.1
Project("{9A19103F-16F7-4668-BE54-9A1E7A4F7556}") = "Example01", "src\Example01\Example01.csproj", "{7414BF8F-F33F-4A5B-A6B5-8DFF49087421}"
EndProject
Project("{9A19103F-16F7-4668-BE54-9A1E7A4F7556}") = "Example01.Tests", "test\Example01.Tests\Example01.Tests.csproj", "{14D8407E-9D97-4DF2-A575-609634025F4C}"
EndProject
Project("{9A19103F-16F7-4668-BE54-9A1E7A4F7556}") = "Example02", "src\Example02\Example02.csproj", "{BFB045F2-5B43-4897-924C-F74508812C5E}"
EndProject
Project("{2150E333-8FDC-42A3-9474-1A3956D46DE8}") = "Tests", "Tests", "{1F2870C4-6386-4D46-9DD6-4CE1FE413A5E}"
EndProject
Project("{9A19103F-16F7-4668-BE54-9A1E7A4F7556}") = "Example02.Tests", "test\Example02.Tests\Example02.Tests.csproj", "{D7343B20-43A4-4D19-BEA6-E481C4A11F0E}"
EndProject
Project("{2150E333-8FDC-42A3-9474-1A3956D46DE8}") = "Solution Items", "Solution Items", "{EF89648E-8502-4F60-B5F5-525D8C96B893}"
	ProjectSection(SolutionItems) = preProject
		.github\workflows\ci.yml = .github\workflows\ci.yml
		README.md = README.md
	EndProjectSection
EndProject
Global
	GlobalSection(SolutionConfigurationPlatforms) = preSolution
		Debug|Any CPU = Debug|Any CPU
		Release|Any CPU = Release|Any CPU
	EndGlobalSection
	GlobalSection(ProjectConfigurationPlatforms) = postSolution
		{7414BF8F-F33F-4A5B-A6B5-8DFF49087421}.Debug|Any CPU.ActiveCfg = Debug|Any CPU
		{7414BF8F-F33F-4A5B-A6B5-8DFF49087421}.Debug|Any CPU.Build.0 = Debug|Any CPU
		{7414BF8F-F33F-4A5B-A6B5-8DFF49087421}.Release|Any CPU.ActiveCfg = Release|Any CPU
		{7414BF8F-F33F-4A5B-A6B5-8DFF49087421}.Release|Any CPU.Build.0 = Release|Any CPU
		{14D8407E-9D97-4DF2-A575-609634025F4C}.Debug|Any CPU.ActiveCfg = Debug|Any CPU
		{14D8407E-9D97-4DF2-A575-609634025F4C}.Debug|Any CPU.Build.0 = Debug|Any CPU
		{14D8407E-9D97-4DF2-A575-609634025F4C}.Release|Any CPU.ActiveCfg = Release|Any CPU
		{14D8407E-9D97-4DF2-A575-609634025F4C}.Release|Any CPU.Build.0 = Release|Any CPU
		{BFB045F2-5B43-4897-924C-F74508812C5E}.Debug|Any CPU.ActiveCfg = Debug|Any CPU
		{BFB045F2-5B43-4897-924C-F74508812C5E}.Debug|Any CPU.Build.0 = Debug|Any CPU
		{BFB045F2-5B43-4897-924C-F74508812C5E}.Release|Any CPU.ActiveCfg = Release|Any CPU
		{BFB045F2-5B43-4897-924C-F74508812C5E}.Release|Any CPU.Build.0 = Release|Any CPU
		{D7343B20-43A4-4D19-BEA6-E481C4A11F0E}.Debug|Any CPU.ActiveCfg = Debug|Any CPU
		{D7343B20-43A4-4D19-BEA6-E481C4A11F0E}.Debug|Any CPU.Build.0 = Debug|Any CPU
		{D7343B20-43A4-4D19-BEA6-E481C4A11F0E}.Release|Any CPU.ActiveCfg = Release|Any CPU
		{D7343B20-43A4-4D19-BEA6-E481C4A11F0E}.Release|Any CPU.Build.0 = Release|Any CPU
	EndGlobalSection
	GlobalSection(SolutionProperties) = preSolution
		HideSolutionNode = FALSE
	EndGlobalSection
	GlobalSection(NestedProjects) = preSolution
		{14D8407E-9D97-4DF2-A575-609634025F4C} = {1F2870C4-6386-4D46-9DD6-4CE1FE413A5E}
		{D7343B20-43A4-4D19-BEA6-E481C4A11F0E} = {1F2870C4-6386-4D46-9DD6-4CE1FE413A5E}
	EndGlobalSection
EndGlobal
